
Microsoft Visual Studio Solution File, Format Version 12.00
# Visual Studio Version 16
VisualStudioVersion = 16.0.30621.155
MinimumVisualStudioVersion = 10.0.40219.1
Project("{FAE04EC0-301F-11D3-BF4B-00C04F79EFBC}") = "KeyLogger3", "KeyLogger3\KeyLogger3.csproj", "{7388660E-6C23-47EA-A960-5305FEC2790D}"
EndProject
Global
	GlobalSection(SolutionConfigurationPlatforms) = preSolution
		Debug|Any CPU = Debug|Any CPU
		Release|Any CPU = Release|Any CPU
	EndGlobalSection
	GlobalSection(ProjectConfigurationPlatforms) = postSolution
		{7388660E-6C23-47EA-A960-5305FEC2790D}.Debug|Any CPU.ActiveCfg = Debug|Any CPU
		{7388660E-6C23-47EA-A960-5305FEC2790D}.Debug|Any CPU.Build.0 = Debug|Any CPU
		{7388660E-6C23-47EA-A960-5305FEC2790D}.Release|Any CPU.ActiveCfg = Release|Any CPU
		{7388660E-6C23-47EA-A960-5305FEC2790D}.Release|Any CPU.Build.0 = Release|Any CPU
	EndGlobalSection
	GlobalSection(SolutionProperties) = preSolution
		HideSolutionNode = FALSE
	EndGlobalSection
	GlobalSection(ExtensibilityGlobals) = postSolution
		SolutionGuid = {692BBF02-6C43-4B7F-BD91-334A2B57AD67}
	EndGlobalSection
EndGlobal
